// !$*UTF8*$!
{
	archiveVersion = 1;
	classes = {
	};
	objectVersion = 56;
	objects = {

/* Begin PBXBuildFile section */
		132A32BE2B5A7349002924D8 /* Constants.swift in Sources */ = {isa = PBXBuildFile; fileRef = 132A32BD2B5A7349002924D8 /* Constants.swift */; };
		132A32C12B5A7E58002924D8 /* AuthViewController.swift in Sources */ = {isa = PBXBuildFile; fileRef = 132A32C02B5A7E58002924D8 /* AuthViewController.swift */; };
		132A32C32B5A855D002924D8 /* WebViewViewController.swift in Sources */ = {isa = PBXBuildFile; fileRef = 132A32C22B5A855D002924D8 /* WebViewViewController.swift */; };
		132A32C72B5AB06B002924D8 /* OAuth2Service.swift in Sources */ = {isa = PBXBuildFile; fileRef = 132A32C62B5AB06B002924D8 /* OAuth2Service.swift */; };
		132A32C92B5AB2F3002924D8 /* OAuth2TokenStorage.swift in Sources */ = {isa = PBXBuildFile; fileRef = 132A32C82B5AB2F3002924D8 /* OAuth2TokenStorage.swift */; };
		132A32CC2B5FD8EA002924D8 /* SplashViewController.swift in Sources */ = {isa = PBXBuildFile; fileRef = 132A32CB2B5FD8EA002924D8 /* SplashViewController.swift */; };
		132A32CE2B5FE489002924D8 /* NetworkError.swift in Sources */ = {isa = PBXBuildFile; fileRef = 132A32CD2B5FE489002924D8 /* NetworkError.swift */; };
		132A32D02B5FE4A8002924D8 /* OAuthTokenResponseBody.swift in Sources */ = {isa = PBXBuildFile; fileRef = 132A32CF2B5FE4A8002924D8 /* OAuthTokenResponseBody.swift */; };
		1352725D2C466F59006F6104 /* ProgressHUD in Frameworks */ = {isa = PBXBuildFile; productRef = 1352725C2C466F59006F6104 /* ProgressHUD */; };
		135272602C466F6B006F6104 /* SwiftKeychainWrapper in Frameworks */ = {isa = PBXBuildFile; productRef = 1352725F2C466F6B006F6104 /* SwiftKeychainWrapper */; };
		135272632C466F7A006F6104 /* Kingfisher in Frameworks */ = {isa = PBXBuildFile; productRef = 135272622C466F7A006F6104 /* Kingfisher */; };
		1352726B2C4672BA006F6104 /* URLSessionExtension.swift in Sources */ = {isa = PBXBuildFile; fileRef = 1352726A2C4672BA006F6104 /* URLSessionExtension.swift */; };
		1352726F2C46734E006F6104 /* Profile.swift in Sources */ = {isa = PBXBuildFile; fileRef = 1352726C2C46734E006F6104 /* Profile.swift */; };
		135272702C46734E006F6104 /* ProfileResult.swift in Sources */ = {isa = PBXBuildFile; fileRef = 1352726D2C46734E006F6104 /* ProfileResult.swift */; };
		135272722C4673AB006F6104 /* UIBlockingProgressHUD.swift in Sources */ = {isa = PBXBuildFile; fileRef = 135272712C4673AB006F6104 /* UIBlockingProgressHUD.swift */; };
		135272752C4673E8006F6104 /* TabBarController.swift in Sources */ = {isa = PBXBuildFile; fileRef = 135272732C4673E8006F6104 /* TabBarController.swift */; };
		135272772C46785A006F6104 /* Main.storyboard in Resources */ = {isa = PBXBuildFile; fileRef = 135272762C46785A006F6104 /* Main.storyboard */; };
		135272792C4678B8006F6104 /* ProfileImageService.swift in Sources */ = {isa = PBXBuildFile; fileRef = 135272782C4678B8006F6104 /* ProfileImageService.swift */; };
		1352727B2C4678CC006F6104 /* ProfileService.swift in Sources */ = {isa = PBXBuildFile; fileRef = 1352727A2C4678CC006F6104 /* ProfileService.swift */; };
		1352727E2C4A8D22006F6104 /* ImageList.swift in Sources */ = {isa = PBXBuildFile; fileRef = 1352727D2C4A8D22006F6104 /* ImageList.swift */; };
		135272802C4A92B7006F6104 /* ImagesListService.swift in Sources */ = {isa = PBXBuildFile; fileRef = 1352727F2C4A92B7006F6104 /* ImagesListService.swift */; };
		136416D42B322AE200498E53 /* ImagesListCell.swift in Sources */ = {isa = PBXBuildFile; fileRef = 136416D32B322AE200498E53 /* ImagesListCell.swift */; };
		136416DB2B3B09C600498E53 /* ProfileViewController.swift in Sources */ = {isa = PBXBuildFile; fileRef = 136416DA2B3B09C600498E53 /* ProfileViewController.swift */; };
		136416DD2B3EE1E800498E53 /* SingleImageViewController.swift in Sources */ = {isa = PBXBuildFile; fileRef = 136416DC2B3EE1E800498E53 /* SingleImageViewController.swift */; };
		13B7FE572B1A244E00C1EE74 /* AppDelegate.swift in Sources */ = {isa = PBXBuildFile; fileRef = 13B7FE562B1A244E00C1EE74 /* AppDelegate.swift */; };
		13B7FE592B1A244E00C1EE74 /* SceneDelegate.swift in Sources */ = {isa = PBXBuildFile; fileRef = 13B7FE582B1A244E00C1EE74 /* SceneDelegate.swift */; };
		13B7FE5B2B1A244E00C1EE74 /* ImagesListViewController.swift in Sources */ = {isa = PBXBuildFile; fileRef = 13B7FE5A2B1A244E00C1EE74 /* ImagesListViewController.swift */; };
		13B7FE602B1A244F00C1EE74 /* Assets.xcassets in Resources */ = {isa = PBXBuildFile; fileRef = 13B7FE5F2B1A244F00C1EE74 /* Assets.xcassets */; };
		13B7FE632B1A244F00C1EE74 /* LaunchScreen.storyboard in Resources */ = {isa = PBXBuildFile; fileRef = 13B7FE612B1A244F00C1EE74 /* LaunchScreen.storyboard */; };
/* End PBXBuildFile section */

/* Begin PBXFileReference section */
		132A32BD2B5A7349002924D8 /* Constants.swift */ = {isa = PBXFileReference; lastKnownFileType = sourcecode.swift; path = Constants.swift; sourceTree = "<group>"; };
		132A32C02B5A7E58002924D8 /* AuthViewController.swift */ = {isa = PBXFileReference; lastKnownFileType = sourcecode.swift; path = AuthViewController.swift; sourceTree = "<group>"; };
		132A32C22B5A855D002924D8 /* WebViewViewController.swift */ = {isa = PBXFileReference; lastKnownFileType = sourcecode.swift; path = WebViewViewController.swift; sourceTree = "<group>"; };
		132A32C62B5AB06B002924D8 /* OAuth2Service.swift */ = {isa = PBXFileReference; lastKnownFileType = sourcecode.swift; path = OAuth2Service.swift; sourceTree = "<group>"; };
		132A32C82B5AB2F3002924D8 /* OAuth2TokenStorage.swift */ = {isa = PBXFileReference; lastKnownFileType = sourcecode.swift; path = OAuth2TokenStorage.swift; sourceTree = "<group>"; };
		132A32CB2B5FD8EA002924D8 /* SplashViewController.swift */ = {isa = PBXFileReference; lastKnownFileType = sourcecode.swift; path = SplashViewController.swift; sourceTree = "<group>"; };
		132A32CD2B5FE489002924D8 /* NetworkError.swift */ = {isa = PBXFileReference; lastKnownFileType = sourcecode.swift; path = NetworkError.swift; sourceTree = "<group>"; };
		132A32CF2B5FE4A8002924D8 /* OAuthTokenResponseBody.swift */ = {isa = PBXFileReference; lastKnownFileType = sourcecode.swift; path = OAuthTokenResponseBody.swift; sourceTree = "<group>"; };
		1352726A2C4672BA006F6104 /* URLSessionExtension.swift */ = {isa = PBXFileReference; lastKnownFileType = sourcecode.swift; path = URLSessionExtension.swift; sourceTree = "<group>"; };
		1352726C2C46734E006F6104 /* Profile.swift */ = {isa = PBXFileReference; fileEncoding = 4; lastKnownFileType = sourcecode.swift; path = Profile.swift; sourceTree = "<group>"; };
		1352726D2C46734E006F6104 /* ProfileResult.swift */ = {isa = PBXFileReference; fileEncoding = 4; lastKnownFileType = sourcecode.swift; path = ProfileResult.swift; sourceTree = "<group>"; };
		135272712C4673AB006F6104 /* UIBlockingProgressHUD.swift */ = {isa = PBXFileReference; fileEncoding = 4; lastKnownFileType = sourcecode.swift; path = UIBlockingProgressHUD.swift; sourceTree = "<group>"; };
		135272732C4673E8006F6104 /* TabBarController.swift */ = {isa = PBXFileReference; fileEncoding = 4; lastKnownFileType = sourcecode.swift; path = TabBarController.swift; sourceTree = "<group>"; };
		135272762C46785A006F6104 /* Main.storyboard */ = {isa = PBXFileReference; fileEncoding = 4; lastKnownFileType = file.storyboard; path = Main.storyboard; sourceTree = "<group>"; };
		135272782C4678B8006F6104 /* ProfileImageService.swift */ = {isa = PBXFileReference; fileEncoding = 4; lastKnownFileType = sourcecode.swift; path = ProfileImageService.swift; sourceTree = "<group>"; };
		1352727A2C4678CC006F6104 /* ProfileService.swift */ = {isa = PBXFileReference; fileEncoding = 4; lastKnownFileType = sourcecode.swift; path = ProfileService.swift; sourceTree = "<group>"; };
		1352727D2C4A8D22006F6104 /* ImageList.swift */ = {isa = PBXFileReference; lastKnownFileType = sourcecode.swift; path = ImageList.swift; sourceTree = "<group>"; };
		1352727F2C4A92B7006F6104 /* ImagesListService.swift */ = {isa = PBXFileReference; lastKnownFileType = sourcecode.swift; path = ImagesListService.swift; sourceTree = "<group>"; };
		136416D32B322AE200498E53 /* ImagesListCell.swift */ = {isa = PBXFileReference; lastKnownFileType = sourcecode.swift; path = ImagesListCell.swift; sourceTree = "<group>"; };
		136416DA2B3B09C600498E53 /* ProfileViewController.swift */ = {isa = PBXFileReference; lastKnownFileType = sourcecode.swift; path = ProfileViewController.swift; sourceTree = "<group>"; };
		136416DC2B3EE1E800498E53 /* SingleImageViewController.swift */ = {isa = PBXFileReference; lastKnownFileType = sourcecode.swift; path = SingleImageViewController.swift; sourceTree = "<group>"; };
		13B7FE532B1A244E00C1EE74 /* ImageFeed.app */ = {isa = PBXFileReference; explicitFileType = wrapper.application; includeInIndex = 0; path = ImageFeed.app; sourceTree = BUILT_PRODUCTS_DIR; };
		13B7FE562B1A244E00C1EE74 /* AppDelegate.swift */ = {isa = PBXFileReference; lastKnownFileType = sourcecode.swift; path = AppDelegate.swift; sourceTree = "<group>"; };
		13B7FE582B1A244E00C1EE74 /* SceneDelegate.swift */ = {isa = PBXFileReference; lastKnownFileType = sourcecode.swift; path = SceneDelegate.swift; sourceTree = "<group>"; };
		13B7FE5A2B1A244E00C1EE74 /* ImagesListViewController.swift */ = {isa = PBXFileReference; lastKnownFileType = sourcecode.swift; path = ImagesListViewController.swift; sourceTree = "<group>"; };
		13B7FE5F2B1A244F00C1EE74 /* Assets.xcassets */ = {isa = PBXFileReference; lastKnownFileType = folder.assetcatalog; path = Assets.xcassets; sourceTree = "<group>"; };
		13B7FE622B1A244F00C1EE74 /* Base */ = {isa = PBXFileReference; lastKnownFileType = file.storyboard; name = Base; path = Base.lproj/LaunchScreen.storyboard; sourceTree = "<group>"; };
		13B7FE642B1A244F00C1EE74 /* Info.plist */ = {isa = PBXFileReference; lastKnownFileType = text.plist.xml; path = Info.plist; sourceTree = "<group>"; };
/* End PBXFileReference section */

/* Begin PBXFrameworksBuildPhase section */
		13B7FE502B1A244E00C1EE74 /* Frameworks */ = {
			isa = PBXFrameworksBuildPhase;
			buildActionMask = 2147483647;
			files = (
				135272632C466F7A006F6104 /* Kingfisher in Frameworks */,
				135272602C466F6B006F6104 /* SwiftKeychainWrapper in Frameworks */,
				1352725D2C466F59006F6104 /* ProgressHUD in Frameworks */,
			);
			runOnlyForDeploymentPostprocessing = 0;
		};
/* End PBXFrameworksBuildPhase section */

/* Begin PBXGroup section */
		132A32BF2B5A7E3A002924D8 /* Auth */ = {
			isa = PBXGroup;
			children = (
				132A32C02B5A7E58002924D8 /* AuthViewController.swift */,
				132A32C22B5A855D002924D8 /* WebViewViewController.swift */,
				132A32CD2B5FE489002924D8 /* NetworkError.swift */,
			);
			path = Auth;
			sourceTree = "<group>";
		};
		132A32CA2B5FD8CA002924D8 /* SplashViewController */ = {
			isa = PBXGroup;
			children = (
				135272712C4673AB006F6104 /* UIBlockingProgressHUD.swift */,
				132A32CB2B5FD8EA002924D8 /* SplashViewController.swift */,
			);
			path = SplashViewController;
			sourceTree = "<group>";
		};
		135272682C4671EB006F6104 /* Network */ = {
			isa = PBXGroup;
			children = (
				1352726A2C4672BA006F6104 /* URLSessionExtension.swift */,
			);
			path = Network;
			sourceTree = "<group>";
		};
		1352726E2C46734E006F6104 /* Models */ = {
			isa = PBXGroup;
			children = (
				132A32CF2B5FE4A8002924D8 /* OAuthTokenResponseBody.swift */,
				1352726C2C46734E006F6104 /* Profile.swift */,
				1352726D2C46734E006F6104 /* ProfileResult.swift */,
				1352727D2C4A8D22006F6104 /* ImageList.swift */,
			);
			path = Models;
			sourceTree = "<group>";
		};
		135272742C4673E8006F6104 /* TabBarController */ = {
			isa = PBXGroup;
			children = (
				135272732C4673E8006F6104 /* TabBarController.swift */,
			);
			path = TabBarController;
			sourceTree = "<group>";
		};
		1352727C2C4679FB006F6104 /* OAuth */ = {
			isa = PBXGroup;
			children = (
				132A32C62B5AB06B002924D8 /* OAuth2Service.swift */,
				132A32C82B5AB2F3002924D8 /* OAuth2TokenStorage.swift */,
			);
			path = OAuth;
			sourceTree = "<group>";
		};
		136416D52B322C2000498E53 /* ImagesList */ = {
			isa = PBXGroup;
			children = (
				13B7FE5A2B1A244E00C1EE74 /* ImagesListViewController.swift */,
				136416D32B322AE200498E53 /* ImagesListCell.swift */,
				1352727F2C4A92B7006F6104 /* ImagesListService.swift */,
			);
			path = ImagesList;
			sourceTree = "<group>";
		};
		136416D92B3B099700498E53 /* Profile */ = {
			isa = PBXGroup;
			children = (
				136416DA2B3B09C600498E53 /* ProfileViewController.swift */,
				1352727A2C4678CC006F6104 /* ProfileService.swift */,
				135272782C4678B8006F6104 /* ProfileImageService.swift */,
			);
			path = Profile;
			sourceTree = "<group>";
		};
		136416DE2B3EE2C000498E53 /* SingleImageView */ = {
			isa = PBXGroup;
			children = (
				136416DC2B3EE1E800498E53 /* SingleImageViewController.swift */,
			);
			path = SingleImageView;
			sourceTree = "<group>";
		};
		13B7FE4A2B1A244E00C1EE74 = {
			isa = PBXGroup;
			children = (
				13B7FE552B1A244E00C1EE74 /* ImageFeed */,
				13B7FE542B1A244E00C1EE74 /* Products */,
			);
			sourceTree = "<group>";
		};
		13B7FE542B1A244E00C1EE74 /* Products */ = {
			isa = PBXGroup;
			children = (
				13B7FE532B1A244E00C1EE74 /* ImageFeed.app */,
			);
			name = Products;
			sourceTree = "<group>";
		};
		13B7FE552B1A244E00C1EE74 /* ImageFeed */ = {
			isa = PBXGroup;
			children = (
				13B7FE562B1A244E00C1EE74 /* AppDelegate.swift */,
				13B7FE582B1A244E00C1EE74 /* SceneDelegate.swift */,
				132A32BD2B5A7349002924D8 /* Constants.swift */,
				135272682C4671EB006F6104 /* Network */,
				1352726E2C46734E006F6104 /* Models */,
				132A32CA2B5FD8CA002924D8 /* SplashViewController */,
				135272742C4673E8006F6104 /* TabBarController */,
				132A32BF2B5A7E3A002924D8 /* Auth */,
				1352727C2C4679FB006F6104 /* OAuth */,
				136416D92B3B099700498E53 /* Profile */,
				136416D52B322C2000498E53 /* ImagesList */,
				136416DE2B3EE2C000498E53 /* SingleImageView */,
				13B7FE5F2B1A244F00C1EE74 /* Assets.xcassets */,
				135272762C46785A006F6104 /* Main.storyboard */,
				13B7FE612B1A244F00C1EE74 /* LaunchScreen.storyboard */,
				13B7FE642B1A244F00C1EE74 /* Info.plist */,
			);
			path = ImageFeed;
			sourceTree = "<group>";
		};
/* End PBXGroup section */

/* Begin PBXNativeTarget section */
		13B7FE522B1A244E00C1EE74 /* ImageFeed */ = {
			isa = PBXNativeTarget;
			buildConfigurationList = 13B7FE672B1A244F00C1EE74 /* Build configuration list for PBXNativeTarget "ImageFeed" */;
			buildPhases = (
				13B7FE4F2B1A244E00C1EE74 /* Sources */,
				13B7FE502B1A244E00C1EE74 /* Frameworks */,
				13B7FE512B1A244E00C1EE74 /* Resources */,
			);
			buildRules = (
			);
			dependencies = (
			);
			name = ImageFeed;
			packageProductDependencies = (
				1352725C2C466F59006F6104 /* ProgressHUD */,
				1352725F2C466F6B006F6104 /* SwiftKeychainWrapper */,
				135272622C466F7A006F6104 /* Kingfisher */,
			);
			productName = ImageFeed;
			productReference = 13B7FE532B1A244E00C1EE74 /* ImageFeed.app */;
			productType = "com.apple.product-type.application";
		};
/* End PBXNativeTarget section */

/* Begin PBXProject section */
		13B7FE4B2B1A244E00C1EE74 /* Project object */ = {
			isa = PBXProject;
			attributes = {
				BuildIndependentTargetsInParallel = 1;
				LastSwiftUpdateCheck = 1430;
				LastUpgradeCheck = 1430;
				TargetAttributes = {
					13B7FE522B1A244E00C1EE74 = {
						CreatedOnToolsVersion = 14.3.1;
					};
				};
			};
			buildConfigurationList = 13B7FE4E2B1A244E00C1EE74 /* Build configuration list for PBXProject "ImageFeed" */;
			compatibilityVersion = "Xcode 14.0";
			developmentRegion = en;
			hasScannedForEncodings = 0;
			knownRegions = (
				en,
				Base,
			);
			mainGroup = 13B7FE4A2B1A244E00C1EE74;
			packageReferences = (
				1352725B2C466F59006F6104 /* XCRemoteSwiftPackageReference "ProgressHUD" */,
				1352725E2C466F6B006F6104 /* XCRemoteSwiftPackageReference "SwiftKeychainWrapper" */,
				135272612C466F7A006F6104 /* XCRemoteSwiftPackageReference "Kingfisher" */,
			);
			productRefGroup = 13B7FE542B1A244E00C1EE74 /* Products */;
			projectDirPath = "";
			projectRoot = "";
			targets = (
				13B7FE522B1A244E00C1EE74 /* ImageFeed */,
			);
		};
/* End PBXProject section */

/* Begin PBXResourcesBuildPhase section */
		13B7FE512B1A244E00C1EE74 /* Resources */ = {
			isa = PBXResourcesBuildPhase;
			buildActionMask = 2147483647;
			files = (
				13B7FE632B1A244F00C1EE74 /* LaunchScreen.storyboard in Resources */,
				13B7FE602B1A244F00C1EE74 /* Assets.xcassets in Resources */,
				135272772C46785A006F6104 /* Main.storyboard in Resources */,
			);
			runOnlyForDeploymentPostprocessing = 0;
		};
/* End PBXResourcesBuildPhase section */

/* Begin PBXSourcesBuildPhase section */
		13B7FE4F2B1A244E00C1EE74 /* Sources */ = {
			isa = PBXSourcesBuildPhase;
			buildActionMask = 2147483647;
			files = (
				132A32C92B5AB2F3002924D8 /* OAuth2TokenStorage.swift in Sources */,
				135272802C4A92B7006F6104 /* ImagesListService.swift in Sources */,
				13B7FE5B2B1A244E00C1EE74 /* ImagesListViewController.swift in Sources */,
				136416D42B322AE200498E53 /* ImagesListCell.swift in Sources */,
				132A32CC2B5FD8EA002924D8 /* SplashViewController.swift in Sources */,
				136416DB2B3B09C600498E53 /* ProfileViewController.swift in Sources */,
				1352726B2C4672BA006F6104 /* URLSessionExtension.swift in Sources */,
				13B7FE572B1A244E00C1EE74 /* AppDelegate.swift in Sources */,
				132A32C72B5AB06B002924D8 /* OAuth2Service.swift in Sources */,
				135272702C46734E006F6104 /* ProfileResult.swift in Sources */,
				132A32C12B5A7E58002924D8 /* AuthViewController.swift in Sources */,
				135272752C4673E8006F6104 /* TabBarController.swift in Sources */,
				1352726F2C46734E006F6104 /* Profile.swift in Sources */,
				132A32BE2B5A7349002924D8 /* Constants.swift in Sources */,
				136416DD2B3EE1E800498E53 /* SingleImageViewController.swift in Sources */,
				132A32D02B5FE4A8002924D8 /* OAuthTokenResponseBody.swift in Sources */,
				1352727E2C4A8D22006F6104 /* ImageList.swift in Sources */,
				132A32CE2B5FE489002924D8 /* NetworkError.swift in Sources */,
				132A32C32B5A855D002924D8 /* WebViewViewController.swift in Sources */,
				135272792C4678B8006F6104 /* ProfileImageService.swift in Sources */,
				13B7FE592B1A244E00C1EE74 /* SceneDelegate.swift in Sources */,
				135272722C4673AB006F6104 /* UIBlockingProgressHUD.swift in Sources */,
				1352727B2C4678CC006F6104 /* ProfileService.swift in Sources */,
			);
			runOnlyForDeploymentPostprocessing = 0;
		};
/* End PBXSourcesBuildPhase section */

/* Begin PBXVariantGroup section */
		13B7FE612B1A244F00C1EE74 /* LaunchScreen.storyboard */ = {
			isa = PBXVariantGroup;
			children = (
				13B7FE622B1A244F00C1EE74 /* Base */,
			);
			name = LaunchScreen.storyboard;
			sourceTree = "<group>";
		};
/* End PBXVariantGroup section */

/* Begin XCBuildConfiguration section */
		13B7FE652B1A244F00C1EE74 /* Debug */ = {
			isa = XCBuildConfiguration;
			buildSettings = {
				ALWAYS_SEARCH_USER_PATHS = NO;
				CLANG_ANALYZER_NONNULL = YES;
				CLANG_ANALYZER_NUMBER_OBJECT_CONVERSION = YES_AGGRESSIVE;
				CLANG_CXX_LANGUAGE_STANDARD = "gnu++20";
				CLANG_ENABLE_MODULES = YES;
				CLANG_ENABLE_OBJC_ARC = YES;
				CLANG_ENABLE_OBJC_WEAK = YES;
				CLANG_WARN_BLOCK_CAPTURE_AUTORELEASING = YES;
				CLANG_WARN_BOOL_CONVERSION = YES;
				CLANG_WARN_COMMA = YES;
				CLANG_WARN_CONSTANT_CONVERSION = YES;
				CLANG_WARN_DEPRECATED_OBJC_IMPLEMENTATIONS = YES;
				CLANG_WARN_DIRECT_OBJC_ISA_USAGE = YES_ERROR;
				CLANG_WARN_DOCUMENTATION_COMMENTS = YES;
				CLANG_WARN_EMPTY_BODY = YES;
				CLANG_WARN_ENUM_CONVERSION = YES;
				CLANG_WARN_INFINITE_RECURSION = YES;
				CLANG_WARN_INT_CONVERSION = YES;
				CLANG_WARN_NON_LITERAL_NULL_CONVERSION = YES;
				CLANG_WARN_OBJC_IMPLICIT_RETAIN_SELF = YES;
				CLANG_WARN_OBJC_LITERAL_CONVERSION = YES;
				CLANG_WARN_OBJC_ROOT_CLASS = YES_ERROR;
				CLANG_WARN_QUOTED_INCLUDE_IN_FRAMEWORK_HEADER = YES;
				CLANG_WARN_RANGE_LOOP_ANALYSIS = YES;
				CLANG_WARN_STRICT_PROTOTYPES = YES;
				CLANG_WARN_SUSPICIOUS_MOVE = YES;
				CLANG_WARN_UNGUARDED_AVAILABILITY = YES_AGGRESSIVE;
				CLANG_WARN_UNREACHABLE_CODE = YES;
				CLANG_WARN__DUPLICATE_METHOD_MATCH = YES;
				COPY_PHASE_STRIP = NO;
				DEBUG_INFORMATION_FORMAT = dwarf;
				ENABLE_STRICT_OBJC_MSGSEND = YES;
				ENABLE_TESTABILITY = YES;
				GCC_C_LANGUAGE_STANDARD = gnu11;
				GCC_DYNAMIC_NO_PIC = NO;
				GCC_NO_COMMON_BLOCKS = YES;
				GCC_OPTIMIZATION_LEVEL = 0;
				GCC_PREPROCESSOR_DEFINITIONS = (
					"DEBUG=1",
					"$(inherited)",
				);
				GCC_WARN_64_TO_32_BIT_CONVERSION = YES;
				GCC_WARN_ABOUT_RETURN_TYPE = YES_ERROR;
				GCC_WARN_UNDECLARED_SELECTOR = YES;
				GCC_WARN_UNINITIALIZED_AUTOS = YES_AGGRESSIVE;
				GCC_WARN_UNUSED_FUNCTION = YES;
				GCC_WARN_UNUSED_VARIABLE = YES;
				IPHONEOS_DEPLOYMENT_TARGET = 13.0;
				MTL_ENABLE_DEBUG_INFO = INCLUDE_SOURCE;
				MTL_FAST_MATH = YES;
				ONLY_ACTIVE_ARCH = YES;
				SDKROOT = iphoneos;
				SWIFT_ACTIVE_COMPILATION_CONDITIONS = DEBUG;
				SWIFT_OPTIMIZATION_LEVEL = "-Onone";
			};
			name = Debug;
		};
		13B7FE662B1A244F00C1EE74 /* Release */ = {
			isa = XCBuildConfiguration;
			buildSettings = {
				ALWAYS_SEARCH_USER_PATHS = NO;
				CLANG_ANALYZER_NONNULL = YES;
				CLANG_ANALYZER_NUMBER_OBJECT_CONVERSION = YES_AGGRESSIVE;
				CLANG_CXX_LANGUAGE_STANDARD = "gnu++20";
				CLANG_ENABLE_MODULES = YES;
				CLANG_ENABLE_OBJC_ARC = YES;
				CLANG_ENABLE_OBJC_WEAK = YES;
				CLANG_WARN_BLOCK_CAPTURE_AUTORELEASING = YES;
				CLANG_WARN_BOOL_CONVERSION = YES;
				CLANG_WARN_COMMA = YES;
				CLANG_WARN_CONSTANT_CONVERSION = YES;
				CLANG_WARN_DEPRECATED_OBJC_IMPLEMENTATIONS = YES;
				CLANG_WARN_DIRECT_OBJC_ISA_USAGE = YES_ERROR;
				CLANG_WARN_DOCUMENTATION_COMMENTS = YES;
				CLANG_WARN_EMPTY_BODY = YES;
				CLANG_WARN_ENUM_CONVERSION = YES;
				CLANG_WARN_INFINITE_RECURSION = YES;
				CLANG_WARN_INT_CONVERSION = YES;
				CLANG_WARN_NON_LITERAL_NULL_CONVERSION = YES;
				CLANG_WARN_OBJC_IMPLICIT_RETAIN_SELF = YES;
				CLANG_WARN_OBJC_LITERAL_CONVERSION = YES;
				CLANG_WARN_OBJC_ROOT_CLASS = YES_ERROR;
				CLANG_WARN_QUOTED_INCLUDE_IN_FRAMEWORK_HEADER = YES;
				CLANG_WARN_RANGE_LOOP_ANALYSIS = YES;
				CLANG_WARN_STRICT_PROTOTYPES = YES;
				CLANG_WARN_SUSPICIOUS_MOVE = YES;
				CLANG_WARN_UNGUARDED_AVAILABILITY = YES_AGGRESSIVE;
				CLANG_WARN_UNREACHABLE_CODE = YES;
				CLANG_WARN__DUPLICATE_METHOD_MATCH = YES;
				COPY_PHASE_STRIP = NO;
				DEBUG_INFORMATION_FORMAT = "dwarf-with-dsym";
				ENABLE_NS_ASSERTIONS = NO;
				ENABLE_STRICT_OBJC_MSGSEND = YES;
				GCC_C_LANGUAGE_STANDARD = gnu11;
				GCC_NO_COMMON_BLOCKS = YES;
				GCC_WARN_64_TO_32_BIT_CONVERSION = YES;
				GCC_WARN_ABOUT_RETURN_TYPE = YES_ERROR;
				GCC_WARN_UNDECLARED_SELECTOR = YES;
				GCC_WARN_UNINITIALIZED_AUTOS = YES_AGGRESSIVE;
				GCC_WARN_UNUSED_FUNCTION = YES;
				GCC_WARN_UNUSED_VARIABLE = YES;
				IPHONEOS_DEPLOYMENT_TARGET = 13.0;
				MTL_ENABLE_DEBUG_INFO = NO;
				MTL_FAST_MATH = YES;
				SDKROOT = iphoneos;
				SWIFT_COMPILATION_MODE = wholemodule;
				SWIFT_OPTIMIZATION_LEVEL = "-O";
				VALIDATE_PRODUCT = YES;
			};
			name = Release;
		};
		13B7FE682B1A244F00C1EE74 /* Debug */ = {
			isa = XCBuildConfiguration;
			buildSettings = {
				ASSETCATALOG_COMPILER_APPICON_NAME = AppIcon;
				ASSETCATALOG_COMPILER_GLOBAL_ACCENT_COLOR_NAME = AccentColor;
				CODE_SIGN_STYLE = Automatic;
				CURRENT_PROJECT_VERSION = 1;
				DEVELOPMENT_TEAM = 83DH7VMMY3;
				GENERATE_INFOPLIST_FILE = YES;
				INFOPLIST_FILE = ImageFeed/Info.plist;
				INFOPLIST_KEY_UIApplicationSupportsIndirectInputEvents = YES;
				INFOPLIST_KEY_UILaunchStoryboardName = LaunchScreen;
				INFOPLIST_KEY_UIMainStoryboardFile = Main;
				INFOPLIST_KEY_UISupportedInterfaceOrientations = UIInterfaceOrientationPortrait;
				INFOPLIST_KEY_UISupportedInterfaceOrientations_iPhone = UIInterfaceOrientationPortrait;
				IPHONEOS_DEPLOYMENT_TARGET = 13.0;
				LD_RUNPATH_SEARCH_PATHS = (
					"$(inherited)",
					"@executable_path/Frameworks",
				);
				MARKETING_VERSION = 1.0;
				PRODUCT_BUNDLE_IDENTIFIER = ru.yandex.practicum.ImageFeedApp;
				PRODUCT_NAME = "$(TARGET_NAME)";
				SUPPORTED_PLATFORMS = "iphoneos iphonesimulator";
				SUPPORTS_MACCATALYST = NO;
				SUPPORTS_MAC_DESIGNED_FOR_IPHONE_IPAD = YES;
				SWIFT_EMIT_LOC_STRINGS = YES;
				SWIFT_VERSION = 5.0;
				TARGETED_DEVICE_FAMILY = 1;
			};
			name = Debug;
		};
		13B7FE692B1A244F00C1EE74 /* Release */ = {
			isa = XCBuildConfiguration;
			buildSettings = {
				ASSETCATALOG_COMPILER_APPICON_NAME = AppIcon;
				ASSETCATALOG_COMPILER_GLOBAL_ACCENT_COLOR_NAME = AccentColor;
				CODE_SIGN_STYLE = Automatic;
				CURRENT_PROJECT_VERSION = 1;
				DEVELOPMENT_TEAM = 83DH7VMMY3;
				GENERATE_INFOPLIST_FILE = YES;
				INFOPLIST_FILE = ImageFeed/Info.plist;
				INFOPLIST_KEY_UIApplicationSupportsIndirectInputEvents = YES;
				INFOPLIST_KEY_UILaunchStoryboardName = LaunchScreen;
				INFOPLIST_KEY_UIMainStoryboardFile = Main;
				INFOPLIST_KEY_UISupportedInterfaceOrientations = UIInterfaceOrientationPortrait;
				INFOPLIST_KEY_UISupportedInterfaceOrientations_iPhone = UIInterfaceOrientationPortrait;
				IPHONEOS_DEPLOYMENT_TARGET = 13.0;
				LD_RUNPATH_SEARCH_PATHS = (
					"$(inherited)",
					"@executable_path/Frameworks",
				);
				MARKETING_VERSION = 1.0;
				PRODUCT_BUNDLE_IDENTIFIER = ru.yandex.practicum.ImageFeedApp;
				PRODUCT_NAME = "$(TARGET_NAME)";
				SUPPORTED_PLATFORMS = "iphoneos iphonesimulator";
				SUPPORTS_MACCATALYST = NO;
				SUPPORTS_MAC_DESIGNED_FOR_IPHONE_IPAD = YES;
				SWIFT_EMIT_LOC_STRINGS = YES;
				SWIFT_VERSION = 5.0;
				TARGETED_DEVICE_FAMILY = 1;
			};
			name = Release;
		};
/* End XCBuildConfiguration section */

/* Begin XCConfigurationList section */
		13B7FE4E2B1A244E00C1EE74 /* Build configuration list for PBXProject "ImageFeed" */ = {
			isa = XCConfigurationList;
			buildConfigurations = (
				13B7FE652B1A244F00C1EE74 /* Debug */,
				13B7FE662B1A244F00C1EE74 /* Release */,
			);
			defaultConfigurationIsVisible = 0;
			defaultConfigurationName = Release;
		};
		13B7FE672B1A244F00C1EE74 /* Build configuration list for PBXNativeTarget "ImageFeed" */ = {
			isa = XCConfigurationList;
			buildConfigurations = (
				13B7FE682B1A244F00C1EE74 /* Debug */,
				13B7FE692B1A244F00C1EE74 /* Release */,
			);
			defaultConfigurationIsVisible = 0;
			defaultConfigurationName = Release;
		};
/* End XCConfigurationList section */

/* Begin XCRemoteSwiftPackageReference section */
		1352725B2C466F59006F6104 /* XCRemoteSwiftPackageReference "ProgressHUD" */ = {
			isa = XCRemoteSwiftPackageReference;
			repositoryURL = "https://github.com/relatedcode/ProgressHUD";
			requirement = {
				kind = exactVersion;
				version = 13.8.6;
			};
		};
		1352725E2C466F6B006F6104 /* XCRemoteSwiftPackageReference "SwiftKeychainWrapper" */ = {
			isa = XCRemoteSwiftPackageReference;
			repositoryURL = "https://github.com/jrendel/SwiftKeychainWrapper";
			requirement = {
				kind = upToNextMajorVersion;
				minimumVersion = 4.0.0;
			};
		};
		135272612C466F7A006F6104 /* XCRemoteSwiftPackageReference "Kingfisher" */ = {
			isa = XCRemoteSwiftPackageReference;
			repositoryURL = "https://github.com/onevcat/Kingfisher";
			requirement = {
				kind = upToNextMajorVersion;
				minimumVersion = 7.0.0;
			};
		};
/* End XCRemoteSwiftPackageReference section */

/* Begin XCSwiftPackageProductDependency section */
		1352725C2C466F59006F6104 /* ProgressHUD */ = {
			isa = XCSwiftPackageProductDependency;
			package = 1352725B2C466F59006F6104 /* XCRemoteSwiftPackageReference "ProgressHUD" */;
			productName = ProgressHUD;
		};
		1352725F2C466F6B006F6104 /* SwiftKeychainWrapper */ = {
			isa = XCSwiftPackageProductDependency;
			package = 1352725E2C466F6B006F6104 /* XCRemoteSwiftPackageReference "SwiftKeychainWrapper" */;
			productName = SwiftKeychainWrapper;
		};
		135272622C466F7A006F6104 /* Kingfisher */ = {
			isa = XCSwiftPackageProductDependency;
			package = 135272612C466F7A006F6104 /* XCRemoteSwiftPackageReference "Kingfisher" */;
			productName = Kingfisher;
		};
/* End XCSwiftPackageProductDependency section */
	};
	rootObject = 13B7FE4B2B1A244E00C1EE74 /* Project object */;
}
