// !$*UTF8*$!
{
	archiveVersion = 1;
	classes = {
	};
	objectVersion = 56;
	objects = {

/* Begin PBXBuildFile section */
		1322BE382C51423F0089AC23 /* WebViewPresenter.swift in Sources */ = {isa = PBXBuildFile; fileRef = 1322BE372C51423F0089AC23 /* WebViewPresenter.swift */; };
		1322BE3A2C5142A80089AC23 /* ProfilePresenter.swift in Sources */ = {isa = PBXBuildFile; fileRef = 1322BE392C5142A80089AC23 /* ProfilePresenter.swift */; };
		1322BE3C2C5143490089AC23 /* ImagesListPresenter.swift in Sources */ = {isa = PBXBuildFile; fileRef = 1322BE3B2C5143490089AC23 /* ImagesListPresenter.swift */; };
		1322BE442C5146770089AC23 /* WebViewTests.swift in Sources */ = {isa = PBXBuildFile; fileRef = 1322BE432C5146770089AC23 /* WebViewTests.swift */; };
		1322BE4C2C5146AB0089AC23 /* WebViewViewControllerSpy.swift in Sources */ = {isa = PBXBuildFile; fileRef = 1322BE4B2C5146AB0089AC23 /* WebViewViewControllerSpy.swift */; };
		1322BE4E2C5146BD0089AC23 /* WebViewPresenterSpy.swift in Sources */ = {isa = PBXBuildFile; fileRef = 1322BE4D2C5146BD0089AC23 /* WebViewPresenterSpy.swift */; };
		1322BE502C5147000089AC23 /* AuthHelper.swift in Sources */ = {isa = PBXBuildFile; fileRef = 1322BE4F2C5147000089AC23 /* AuthHelper.swift */; };
		1322BE532C5147F40089AC23 /* ProfileTests.swift in Sources */ = {isa = PBXBuildFile; fileRef = 1322BE522C5147F40089AC23 /* ProfileTests.swift */; };
		1322BE552C5148090089AC23 /* ProfileViewControllerSpy.swift in Sources */ = {isa = PBXBuildFile; fileRef = 1322BE542C5148090089AC23 /* ProfileViewControllerSpy.swift */; };
		1322BE572C5148280089AC23 /* ProfilePresenterSpy.swift in Sources */ = {isa = PBXBuildFile; fileRef = 1322BE562C5148280089AC23 /* ProfilePresenterSpy.swift */; };
		1322BE5A2C51485D0089AC23 /* ImagesListTests.swift in Sources */ = {isa = PBXBuildFile; fileRef = 1322BE592C51485D0089AC23 /* ImagesListTests.swift */; };
		1322BE5C2C5148770089AC23 /* ImagesListViewControllerSpy.swift in Sources */ = {isa = PBXBuildFile; fileRef = 1322BE5B2C5148770089AC23 /* ImagesListViewControllerSpy.swift */; };
		1322BE5E2C5148960089AC23 /* ImagesListPresenterSpy.swift in Sources */ = {isa = PBXBuildFile; fileRef = 1322BE5D2C5148960089AC23 /* ImagesListPresenterSpy.swift */; };
		1322BE662C5148E40089AC23 /* ImageFeedUITests.swift in Sources */ = {isa = PBXBuildFile; fileRef = 1322BE652C5148E40089AC23 /* ImageFeedUITests.swift */; };
		132A32BE2B5A7349002924D8 /* AuthConfiguration.swift in Sources */ = {isa = PBXBuildFile; fileRef = 132A32BD2B5A7349002924D8 /* AuthConfiguration.swift */; };
		132A32C12B5A7E58002924D8 /* AuthViewController.swift in Sources */ = {isa = PBXBuildFile; fileRef = 132A32C02B5A7E58002924D8 /* AuthViewController.swift */; };
		132A32C32B5A855D002924D8 /* WebViewViewController.swift in Sources */ = {isa = PBXBuildFile; fileRef = 132A32C22B5A855D002924D8 /* WebViewViewController.swift */; };
		132A32C72B5AB06B002924D8 /* OAuth2Service.swift in Sources */ = {isa = PBXBuildFile; fileRef = 132A32C62B5AB06B002924D8 /* OAuth2Service.swift */; };
		132A32C92B5AB2F3002924D8 /* OAuth2TokenStorage.swift in Sources */ = {isa = PBXBuildFile; fileRef = 132A32C82B5AB2F3002924D8 /* OAuth2TokenStorage.swift */; };
		132A32CC2B5FD8EA002924D8 /* SplashViewController.swift in Sources */ = {isa = PBXBuildFile; fileRef = 132A32CB2B5FD8EA002924D8 /* SplashViewController.swift */; };
		132A32CE2B5FE489002924D8 /* NetworkError.swift in Sources */ = {isa = PBXBuildFile; fileRef = 132A32CD2B5FE489002924D8 /* NetworkError.swift */; };
		132A32D02B5FE4A8002924D8 /* OAuthTokenResponseBody.swift in Sources */ = {isa = PBXBuildFile; fileRef = 132A32CF2B5FE4A8002924D8 /* OAuthTokenResponseBody.swift */; };
		1352725D2C466F59006F6104 /* ProgressHUD in Frameworks */ = {isa = PBXBuildFile; productRef = 1352725C2C466F59006F6104 /* ProgressHUD */; };
		135272602C466F6B006F6104 /* SwiftKeychainWrapper in Frameworks */ = {isa = PBXBuildFile; productRef = 1352725F2C466F6B006F6104 /* SwiftKeychainWrapper */; };
		135272632C466F7A006F6104 /* Kingfisher in Frameworks */ = {isa = PBXBuildFile; productRef = 135272622C466F7A006F6104 /* Kingfisher */; };
		1352726B2C4672BA006F6104 /* URLSessionExtension.swift in Sources */ = {isa = PBXBuildFile; fileRef = 1352726A2C4672BA006F6104 /* URLSessionExtension.swift */; };
		1352726F2C46734E006F6104 /* Profile.swift in Sources */ = {isa = PBXBuildFile; fileRef = 1352726C2C46734E006F6104 /* Profile.swift */; };
		135272702C46734E006F6104 /* ProfileResult.swift in Sources */ = {isa = PBXBuildFile; fileRef = 1352726D2C46734E006F6104 /* ProfileResult.swift */; };
		135272722C4673AB006F6104 /* UIBlockingProgressHUD.swift in Sources */ = {isa = PBXBuildFile; fileRef = 135272712C4673AB006F6104 /* UIBlockingProgressHUD.swift */; };
		135272752C4673E8006F6104 /* TabBarController.swift in Sources */ = {isa = PBXBuildFile; fileRef = 135272732C4673E8006F6104 /* TabBarController.swift */; };
		135272772C46785A006F6104 /* Main.storyboard in Resources */ = {isa = PBXBuildFile; fileRef = 135272762C46785A006F6104 /* Main.storyboard */; };
		135272792C4678B8006F6104 /* ProfileImageService.swift in Sources */ = {isa = PBXBuildFile; fileRef = 135272782C4678B8006F6104 /* ProfileImageService.swift */; };
		1352727B2C4678CC006F6104 /* ProfileService.swift in Sources */ = {isa = PBXBuildFile; fileRef = 1352727A2C4678CC006F6104 /* ProfileService.swift */; };
		1352727E2C4A8D22006F6104 /* ImageList.swift in Sources */ = {isa = PBXBuildFile; fileRef = 1352727D2C4A8D22006F6104 /* ImageList.swift */; };
		135272802C4A92B7006F6104 /* ImagesListService.swift in Sources */ = {isa = PBXBuildFile; fileRef = 1352727F2C4A92B7006F6104 /* ImagesListService.swift */; };
		136416D42B322AE200498E53 /* ImagesListCell.swift in Sources */ = {isa = PBXBuildFile; fileRef = 136416D32B322AE200498E53 /* ImagesListCell.swift */; };
		136416DB2B3B09C600498E53 /* ProfileViewController.swift in Sources */ = {isa = PBXBuildFile; fileRef = 136416DA2B3B09C600498E53 /* ProfileViewController.swift */; };
		136416DD2B3EE1E800498E53 /* SingleImageViewController.swift in Sources */ = {isa = PBXBuildFile; fileRef = 136416DC2B3EE1E800498E53 /* SingleImageViewController.swift */; };
		13B7FE572B1A244E00C1EE74 /* AppDelegate.swift in Sources */ = {isa = PBXBuildFile; fileRef = 13B7FE562B1A244E00C1EE74 /* AppDelegate.swift */; };
		13B7FE592B1A244E00C1EE74 /* SceneDelegate.swift in Sources */ = {isa = PBXBuildFile; fileRef = 13B7FE582B1A244E00C1EE74 /* SceneDelegate.swift */; };
		13B7FE5B2B1A244E00C1EE74 /* ImagesListViewController.swift in Sources */ = {isa = PBXBuildFile; fileRef = 13B7FE5A2B1A244E00C1EE74 /* ImagesListViewController.swift */; };
		13B7FE602B1A244F00C1EE74 /* Assets.xcassets in Resources */ = {isa = PBXBuildFile; fileRef = 13B7FE5F2B1A244F00C1EE74 /* Assets.xcassets */; };
		13B7FE632B1A244F00C1EE74 /* LaunchScreen.storyboard in Resources */ = {isa = PBXBuildFile; fileRef = 13B7FE612B1A244F00C1EE74 /* LaunchScreen.storyboard */; };
/* End PBXBuildFile section */

/* Begin PBXContainerItemProxy section */
		1322BE452C5146770089AC23 /* PBXContainerItemProxy */ = {
			isa = PBXContainerItemProxy;
			containerPortal = 13B7FE4B2B1A244E00C1EE74 /* Project object */;
			proxyType = 1;
			remoteGlobalIDString = 13B7FE522B1A244E00C1EE74;
			remoteInfo = ImageFeed;
		};
		1322BE692C5148E40089AC23 /* PBXContainerItemProxy */ = {
			isa = PBXContainerItemProxy;
			containerPortal = 13B7FE4B2B1A244E00C1EE74 /* Project object */;
			proxyType = 1;
			remoteGlobalIDString = 13B7FE522B1A244E00C1EE74;
			remoteInfo = ImageFeed;
		};
/* End PBXContainerItemProxy section */

/* Begin PBXFileReference section */
		1322BE372C51423F0089AC23 /* WebViewPresenter.swift */ = {isa = PBXFileReference; lastKnownFileType = sourcecode.swift; path = WebViewPresenter.swift; sourceTree = "<group>"; };
		1322BE392C5142A80089AC23 /* ProfilePresenter.swift */ = {isa = PBXFileReference; lastKnownFileType = sourcecode.swift; path = ProfilePresenter.swift; sourceTree = "<group>"; };
		1322BE3B2C5143490089AC23 /* ImagesListPresenter.swift */ = {isa = PBXFileReference; lastKnownFileType = sourcecode.swift; path = ImagesListPresenter.swift; sourceTree = "<group>"; };
		1322BE412C5146770089AC23 /* ImageFeedTests.xctest */ = {isa = PBXFileReference; explicitFileType = wrapper.cfbundle; includeInIndex = 0; path = ImageFeedTests.xctest; sourceTree = BUILT_PRODUCTS_DIR; };
		1322BE432C5146770089AC23 /* WebViewTests.swift */ = {isa = PBXFileReference; lastKnownFileType = sourcecode.swift; path = WebViewTests.swift; sourceTree = "<group>"; };
		1322BE4B2C5146AB0089AC23 /* WebViewViewControllerSpy.swift */ = {isa = PBXFileReference; lastKnownFileType = sourcecode.swift; path = WebViewViewControllerSpy.swift; sourceTree = "<group>"; };
		1322BE4D2C5146BD0089AC23 /* WebViewPresenterSpy.swift */ = {isa = PBXFileReference; lastKnownFileType = sourcecode.swift; path = WebViewPresenterSpy.swift; sourceTree = "<group>"; };
		1322BE4F2C5147000089AC23 /* AuthHelper.swift */ = {isa = PBXFileReference; lastKnownFileType = sourcecode.swift; path = AuthHelper.swift; sourceTree = "<group>"; };
		1322BE522C5147F40089AC23 /* ProfileTests.swift */ = {isa = PBXFileReference; lastKnownFileType = sourcecode.swift; path = ProfileTests.swift; sourceTree = "<group>"; };
		1322BE542C5148090089AC23 /* ProfileViewControllerSpy.swift */ = {isa = PBXFileReference; lastKnownFileType = sourcecode.swift; path = ProfileViewControllerSpy.swift; sourceTree = "<group>"; };
		1322BE562C5148280089AC23 /* ProfilePresenterSpy.swift */ = {isa = PBXFileReference; lastKnownFileType = sourcecode.swift; path = ProfilePresenterSpy.swift; sourceTree = "<group>"; };
		1322BE592C51485D0089AC23 /* ImagesListTests.swift */ = {isa = PBXFileReference; lastKnownFileType = sourcecode.swift; path = ImagesListTests.swift; sourceTree = "<group>"; };
		1322BE5B2C5148770089AC23 /* ImagesListViewControllerSpy.swift */ = {isa = PBXFileReference; lastKnownFileType = sourcecode.swift; path = ImagesListViewControllerSpy.swift; sourceTree = "<group>"; };
		1322BE5D2C5148960089AC23 /* ImagesListPresenterSpy.swift */ = {isa = PBXFileReference; lastKnownFileType = sourcecode.swift; path = ImagesListPresenterSpy.swift; sourceTree = "<group>"; };
		1322BE632C5148E40089AC23 /* ImageFeedUITests.xctest */ = {isa = PBXFileReference; explicitFileType = wrapper.cfbundle; includeInIndex = 0; path = ImageFeedUITests.xctest; sourceTree = BUILT_PRODUCTS_DIR; };
		1322BE652C5148E40089AC23 /* ImageFeedUITests.swift */ = {isa = PBXFileReference; lastKnownFileType = sourcecode.swift; path = ImageFeedUITests.swift; sourceTree = "<group>"; };
		132A32BD2B5A7349002924D8 /* AuthConfiguration.swift */ = {isa = PBXFileReference; lastKnownFileType = sourcecode.swift; path = AuthConfiguration.swift; sourceTree = "<group>"; };
		132A32C02B5A7E58002924D8 /* AuthViewController.swift */ = {isa = PBXFileReference; lastKnownFileType = sourcecode.swift; path = AuthViewController.swift; sourceTree = "<group>"; };
		132A32C22B5A855D002924D8 /* WebViewViewController.swift */ = {isa = PBXFileReference; lastKnownFileType = sourcecode.swift; path = WebViewViewController.swift; sourceTree = "<group>"; };
		132A32C62B5AB06B002924D8 /* OAuth2Service.swift */ = {isa = PBXFileReference; lastKnownFileType = sourcecode.swift; path = OAuth2Service.swift; sourceTree = "<group>"; };
		132A32C82B5AB2F3002924D8 /* OAuth2TokenStorage.swift */ = {isa = PBXFileReference; lastKnownFileType = sourcecode.swift; path = OAuth2TokenStorage.swift; sourceTree = "<group>"; };
		132A32CB2B5FD8EA002924D8 /* SplashViewController.swift */ = {isa = PBXFileReference; lastKnownFileType = sourcecode.swift; path = SplashViewController.swift; sourceTree = "<group>"; };
		132A32CD2B5FE489002924D8 /* NetworkError.swift */ = {isa = PBXFileReference; lastKnownFileType = sourcecode.swift; path = NetworkError.swift; sourceTree = "<group>"; };
		132A32CF2B5FE4A8002924D8 /* OAuthTokenResponseBody.swift */ = {isa = PBXFileReference; lastKnownFileType = sourcecode.swift; path = OAuthTokenResponseBody.swift; sourceTree = "<group>"; };
		1352726A2C4672BA006F6104 /* URLSessionExtension.swift */ = {isa = PBXFileReference; lastKnownFileType = sourcecode.swift; path = URLSessionExtension.swift; sourceTree = "<group>"; };
		1352726C2C46734E006F6104 /* Profile.swift */ = {isa = PBXFileReference; fileEncoding = 4; lastKnownFileType = sourcecode.swift; path = Profile.swift; sourceTree = "<group>"; };
		1352726D2C46734E006F6104 /* ProfileResult.swift */ = {isa = PBXFileReference; fileEncoding = 4; lastKnownFileType = sourcecode.swift; path = ProfileResult.swift; sourceTree = "<group>"; };
		135272712C4673AB006F6104 /* UIBlockingProgressHUD.swift */ = {isa = PBXFileReference; fileEncoding = 4; lastKnownFileType = sourcecode.swift; path = UIBlockingProgressHUD.swift; sourceTree = "<group>"; };
		135272732C4673E8006F6104 /* TabBarController.swift */ = {isa = PBXFileReference; fileEncoding = 4; lastKnownFileType = sourcecode.swift; path = TabBarController.swift; sourceTree = "<group>"; };
		135272762C46785A006F6104 /* Main.storyboard */ = {isa = PBXFileReference; fileEncoding = 4; lastKnownFileType = file.storyboard; path = Main.storyboard; sourceTree = "<group>"; };
		135272782C4678B8006F6104 /* ProfileImageService.swift */ = {isa = PBXFileReference; fileEncoding = 4; lastKnownFileType = sourcecode.swift; path = ProfileImageService.swift; sourceTree = "<group>"; };
		1352727A2C4678CC006F6104 /* ProfileService.swift */ = {isa = PBXFileReference; fileEncoding = 4; lastKnownFileType = sourcecode.swift; path = ProfileService.swift; sourceTree = "<group>"; };
		1352727D2C4A8D22006F6104 /* ImageList.swift */ = {isa = PBXFileReference; lastKnownFileType = sourcecode.swift; path = ImageList.swift; sourceTree = "<group>"; };
		1352727F2C4A92B7006F6104 /* ImagesListService.swift */ = {isa = PBXFileReference; lastKnownFileType = sourcecode.swift; path = ImagesListService.swift; sourceTree = "<group>"; };
		136416D32B322AE200498E53 /* ImagesListCell.swift */ = {isa = PBXFileReference; lastKnownFileType = sourcecode.swift; path = ImagesListCell.swift; sourceTree = "<group>"; };
		136416DA2B3B09C600498E53 /* ProfileViewController.swift */ = {isa = PBXFileReference; lastKnownFileType = sourcecode.swift; path = ProfileViewController.swift; sourceTree = "<group>"; };
		136416DC2B3EE1E800498E53 /* SingleImageViewController.swift */ = {isa = PBXFileReference; lastKnownFileType = sourcecode.swift; path = SingleImageViewController.swift; sourceTree = "<group>"; };
		13B7FE532B1A244E00C1EE74 /* ImageFeed.app */ = {isa = PBXFileReference; explicitFileType = wrapper.application; includeInIndex = 0; path = ImageFeed.app; sourceTree = BUILT_PRODUCTS_DIR; };
		13B7FE562B1A244E00C1EE74 /* AppDelegate.swift */ = {isa = PBXFileReference; lastKnownFileType = sourcecode.swift; path = AppDelegate.swift; sourceTree = "<group>"; };
		13B7FE582B1A244E00C1EE74 /* SceneDelegate.swift */ = {isa = PBXFileReference; lastKnownFileType = sourcecode.swift; path = SceneDelegate.swift; sourceTree = "<group>"; };
		13B7FE5A2B1A244E00C1EE74 /* ImagesListViewController.swift */ = {isa = PBXFileReference; lastKnownFileType = sourcecode.swift; path = ImagesListViewController.swift; sourceTree = "<group>"; };
		13B7FE5F2B1A244F00C1EE74 /* Assets.xcassets */ = {isa = PBXFileReference; lastKnownFileType = folder.assetcatalog; path = Assets.xcassets; sourceTree = "<group>"; };
		13B7FE622B1A244F00C1EE74 /* Base */ = {isa = PBXFileReference; lastKnownFileType = file.storyboard; name = Base; path = Base.lproj/LaunchScreen.storyboard; sourceTree = "<group>"; };
		13B7FE642B1A244F00C1EE74 /* Info.plist */ = {isa = PBXFileReference; lastKnownFileType = text.plist.xml; path = Info.plist; sourceTree = "<group>"; };
/* End PBXFileReference section */

/* Begin PBXFrameworksBuildPhase section */
		1322BE3E2C5146770089AC23 /* Frameworks */ = {
			isa = PBXFrameworksBuildPhase;
			buildActionMask = 2147483647;
			files = (
			);
			runOnlyForDeploymentPostprocessing = 0;
		};
		1322BE602C5148E40089AC23 /* Frameworks */ = {
			isa = PBXFrameworksBuildPhase;
			buildActionMask = 2147483647;
			files = (
			);
			runOnlyForDeploymentPostprocessing = 0;
		};
		13B7FE502B1A244E00C1EE74 /* Frameworks */ = {
			isa = PBXFrameworksBuildPhase;
			buildActionMask = 2147483647;
			files = (
				135272632C466F7A006F6104 /* Kingfisher in Frameworks */,
				135272602C466F6B006F6104 /* SwiftKeychainWrapper in Frameworks */,
				1352725D2C466F59006F6104 /* ProgressHUD in Frameworks */,
			);
			runOnlyForDeploymentPostprocessing = 0;
		};
/* End PBXFrameworksBuildPhase section */

/* Begin PBXGroup section */
		1322BE422C5146770089AC23 /* ImageFeedTests */ = {
			isa = PBXGroup;
			children = (
				1322BE582C5148530089AC23 /* ImagesListTests */,
				1322BE512C5147E80089AC23 /* ProfileTests */,
				1322BE4A2C51468E0089AC23 /* WebViewTests */,
			);
			path = ImageFeedTests;
			sourceTree = "<group>";
		};
		1322BE4A2C51468E0089AC23 /* WebViewTests */ = {
			isa = PBXGroup;
			children = (
				1322BE432C5146770089AC23 /* WebViewTests.swift */,
				1322BE4B2C5146AB0089AC23 /* WebViewViewControllerSpy.swift */,
				1322BE4D2C5146BD0089AC23 /* WebViewPresenterSpy.swift */,
			);
			path = WebViewTests;
			sourceTree = "<group>";
		};
		1322BE512C5147E80089AC23 /* ProfileTests */ = {
			isa = PBXGroup;
			children = (
				1322BE522C5147F40089AC23 /* ProfileTests.swift */,
				1322BE542C5148090089AC23 /* ProfileViewControllerSpy.swift */,
				1322BE562C5148280089AC23 /* ProfilePresenterSpy.swift */,
			);
			path = ProfileTests;
			sourceTree = "<group>";
		};
		1322BE582C5148530089AC23 /* ImagesListTests */ = {
			isa = PBXGroup;
			children = (
				1322BE592C51485D0089AC23 /* ImagesListTests.swift */,
				1322BE5B2C5148770089AC23 /* ImagesListViewControllerSpy.swift */,
				1322BE5D2C5148960089AC23 /* ImagesListPresenterSpy.swift */,
			);
			path = ImagesListTests;
			sourceTree = "<group>";
		};
		1322BE642C5148E40089AC23 /* ImageFeedUITests */ = {
			isa = PBXGroup;
			children = (
				1322BE652C5148E40089AC23 /* ImageFeedUITests.swift */,
			);
			path = ImageFeedUITests;
			sourceTree = "<group>";
		};
		132A32BF2B5A7E3A002924D8 /* Auth */ = {
			isa = PBXGroup;
			children = (
				132A32C02B5A7E58002924D8 /* AuthViewController.swift */,
				132A32C22B5A855D002924D8 /* WebViewViewController.swift */,
				132A32CD2B5FE489002924D8 /* NetworkError.swift */,
				1322BE372C51423F0089AC23 /* WebViewPresenter.swift */,
				1322BE4F2C5147000089AC23 /* AuthHelper.swift */,
			);
			path = Auth;
			sourceTree = "<group>";
		};
		132A32CA2B5FD8CA002924D8 /* SplashViewController */ = {
			isa = PBXGroup;
			children = (
				132A32CB2B5FD8EA002924D8 /* SplashViewController.swift */,
			);
			path = SplashViewController;
			sourceTree = "<group>";
		};
		135272682C4671EB006F6104 /* Network */ = {
			isa = PBXGroup;
			children = (
				1352726A2C4672BA006F6104 /* URLSessionExtension.swift */,
			);
			path = Network;
			sourceTree = "<group>";
		};
		1352726E2C46734E006F6104 /* Models */ = {
			isa = PBXGroup;
			children = (
				132A32CF2B5FE4A8002924D8 /* OAuthTokenResponseBody.swift */,
				1352726C2C46734E006F6104 /* Profile.swift */,
				1352726D2C46734E006F6104 /* ProfileResult.swift */,
				1352727D2C4A8D22006F6104 /* ImageList.swift */,
			);
			path = Models;
			sourceTree = "<group>";
		};
		135272742C4673E8006F6104 /* TabBarController */ = {
			isa = PBXGroup;
			children = (
				135272732C4673E8006F6104 /* TabBarController.swift */,
			);
			path = TabBarController;
			sourceTree = "<group>";
		};
		1352727C2C4679FB006F6104 /* OAuth */ = {
			isa = PBXGroup;
			children = (
				132A32C62B5AB06B002924D8 /* OAuth2Service.swift */,
				132A32C82B5AB2F3002924D8 /* OAuth2TokenStorage.swift */,
			);
			path = OAuth;
			sourceTree = "<group>";
		};
		136416D52B322C2000498E53 /* ImagesList */ = {
			isa = PBXGroup;
			children = (
				13B7FE5A2B1A244E00C1EE74 /* ImagesListViewController.swift */,
				136416D32B322AE200498E53 /* ImagesListCell.swift */,
				1352727F2C4A92B7006F6104 /* ImagesListService.swift */,
				1322BE3B2C5143490089AC23 /* ImagesListPresenter.swift */,
			);
			path = ImagesList;
			sourceTree = "<group>";
		};
		136416D92B3B099700498E53 /* Profile */ = {
			isa = PBXGroup;
			children = (
				136416DA2B3B09C600498E53 /* ProfileViewController.swift */,
				1352727A2C4678CC006F6104 /* ProfileService.swift */,
				135272782C4678B8006F6104 /* ProfileImageService.swift */,
				1322BE392C5142A80089AC23 /* ProfilePresenter.swift */,
			);
			path = Profile;
			sourceTree = "<group>";
		};
		136416DE2B3EE2C000498E53 /* SingleImageView */ = {
			isa = PBXGroup;
			children = (
				136416DC2B3EE1E800498E53 /* SingleImageViewController.swift */,
			);
			path = SingleImageView;
			sourceTree = "<group>";
		};
		13B7FE4A2B1A244E00C1EE74 = {
			isa = PBXGroup;
			children = (
				13B7FE552B1A244E00C1EE74 /* ImageFeed */,
				1322BE422C5146770089AC23 /* ImageFeedTests */,
				1322BE642C5148E40089AC23 /* ImageFeedUITests */,
				13B7FE542B1A244E00C1EE74 /* Products */,
			);
			sourceTree = "<group>";
		};
		13B7FE542B1A244E00C1EE74 /* Products */ = {
			isa = PBXGroup;
			children = (
				13B7FE532B1A244E00C1EE74 /* ImageFeed.app */,
				1322BE412C5146770089AC23 /* ImageFeedTests.xctest */,
				1322BE632C5148E40089AC23 /* ImageFeedUITests.xctest */,
			);
			name = Products;
			sourceTree = "<group>";
		};
		13B7FE552B1A244E00C1EE74 /* ImageFeed */ = {
			isa = PBXGroup;
			children = (
				13B7FE562B1A244E00C1EE74 /* AppDelegate.swift */,
				13B7FE582B1A244E00C1EE74 /* SceneDelegate.swift */,
				132A32BD2B5A7349002924D8 /* AuthConfiguration.swift */,
				135272712C4673AB006F6104 /* UIBlockingProgressHUD.swift */,
				135272682C4671EB006F6104 /* Network */,
				1352726E2C46734E006F6104 /* Models */,
				132A32CA2B5FD8CA002924D8 /* SplashViewController */,
				135272742C4673E8006F6104 /* TabBarController */,
				132A32BF2B5A7E3A002924D8 /* Auth */,
				1352727C2C4679FB006F6104 /* OAuth */,
				136416D92B3B099700498E53 /* Profile */,
				136416D52B322C2000498E53 /* ImagesList */,
				136416DE2B3EE2C000498E53 /* SingleImageView */,
				13B7FE5F2B1A244F00C1EE74 /* Assets.xcassets */,
				135272762C46785A006F6104 /* Main.storyboard */,
				13B7FE612B1A244F00C1EE74 /* LaunchScreen.storyboard */,
				13B7FE642B1A244F00C1EE74 /* Info.plist */,
			);
			path = ImageFeed;
			sourceTree = "<group>";
		};
/* End PBXGroup section */

/* Begin PBXNativeTarget section */
		1322BE402C5146770089AC23 /* ImageFeedTests */ = {
			isa = PBXNativeTarget;
			buildConfigurationList = 1322BE472C5146770089AC23 /* Build configuration list for PBXNativeTarget "ImageFeedTests" */;
			buildPhases = (
				1322BE3D2C5146770089AC23 /* Sources */,
				1322BE3E2C5146770089AC23 /* Frameworks */,
				1322BE3F2C5146770089AC23 /* Resources */,
			);
			buildRules = (
			);
			dependencies = (
				1322BE462C5146770089AC23 /* PBXTargetDependency */,
			);
			name = ImageFeedTests;
			productName = ImageFeedTests;
			productReference = 1322BE412C5146770089AC23 /* ImageFeedTests.xctest */;
			productType = "com.apple.product-type.bundle.unit-test";
		};
		1322BE622C5148E40089AC23 /* ImageFeedUITests */ = {
			isa = PBXNativeTarget;
			buildConfigurationList = 1322BE6B2C5148E40089AC23 /* Build configuration list for PBXNativeTarget "ImageFeedUITests" */;
			buildPhases = (
				1322BE5F2C5148E40089AC23 /* Sources */,
				1322BE602C5148E40089AC23 /* Frameworks */,
				1322BE612C5148E40089AC23 /* Resources */,
			);
			buildRules = (
			);
			dependencies = (
				1322BE6A2C5148E40089AC23 /* PBXTargetDependency */,
			);
			name = ImageFeedUITests;
			productName = ImageFeedUITests;
			productReference = 1322BE632C5148E40089AC23 /* ImageFeedUITests.xctest */;
			productType = "com.apple.product-type.bundle.ui-testing";
		};
		13B7FE522B1A244E00C1EE74 /* ImageFeed */ = {
			isa = PBXNativeTarget;
			buildConfigurationList = 13B7FE672B1A244F00C1EE74 /* Build configuration list for PBXNativeTarget "ImageFeed" */;
			buildPhases = (
				13B7FE4F2B1A244E00C1EE74 /* Sources */,
				13B7FE502B1A244E00C1EE74 /* Frameworks */,
				13B7FE512B1A244E00C1EE74 /* Resources */,
			);
			buildRules = (
			);
			dependencies = (
			);
			name = ImageFeed;
			packageProductDependencies = (
				1352725C2C466F59006F6104 /* ProgressHUD */,
				1352725F2C466F6B006F6104 /* SwiftKeychainWrapper */,
				135272622C466F7A006F6104 /* Kingfisher */,
			);
			productName = ImageFeed;
			productReference = 13B7FE532B1A244E00C1EE74 /* ImageFeed.app */;
			productType = "com.apple.product-type.application";
		};
/* End PBXNativeTarget section */

/* Begin PBXProject section */
		13B7FE4B2B1A244E00C1EE74 /* Project object */ = {
			isa = PBXProject;
			attributes = {
				BuildIndependentTargetsInParallel = 1;
				LastSwiftUpdateCheck = 1530;
				LastUpgradeCheck = 1430;
				TargetAttributes = {
					1322BE402C5146770089AC23 = {
						CreatedOnToolsVersion = 15.3;
						TestTargetID = 13B7FE522B1A244E00C1EE74;
					};
					1322BE622C5148E40089AC23 = {
						CreatedOnToolsVersion = 15.3;
						TestTargetID = 13B7FE522B1A244E00C1EE74;
					};
					13B7FE522B1A244E00C1EE74 = {
						CreatedOnToolsVersion = 14.3.1;
					};
				};
			};
			buildConfigurationList = 13B7FE4E2B1A244E00C1EE74 /* Build configuration list for PBXProject "ImageFeed" */;
			compatibilityVersion = "Xcode 14.0";
			developmentRegion = en;
			hasScannedForEncodings = 0;
			knownRegions = (
				en,
				Base,
			);
			mainGroup = 13B7FE4A2B1A244E00C1EE74;
			packageReferences = (
				1352725B2C466F59006F6104 /* XCRemoteSwiftPackageReference "ProgressHUD" */,
				1352725E2C466F6B006F6104 /* XCRemoteSwiftPackageReference "SwiftKeychainWrapper" */,
				135272612C466F7A006F6104 /* XCRemoteSwiftPackageReference "Kingfisher" */,
			);
			productRefGroup = 13B7FE542B1A244E00C1EE74 /* Products */;
			projectDirPath = "";
			projectRoot = "";
			targets = (
				13B7FE522B1A244E00C1EE74 /* ImageFeed */,
				1322BE402C5146770089AC23 /* ImageFeedTests */,
				1322BE622C5148E40089AC23 /* ImageFeedUITests */,
			);
		};
/* End PBXProject section */

/* Begin PBXResourcesBuildPhase section */
		1322BE3F2C5146770089AC23 /* Resources */ = {
			isa = PBXResourcesBuildPhase;
			buildActionMask = 2147483647;
			files = (
			);
			runOnlyForDeploymentPostprocessing = 0;
		};
		1322BE612C5148E40089AC23 /* Resources */ = {
			isa = PBXResourcesBuildPhase;
			buildActionMask = 2147483647;
			files = (
			);
			runOnlyForDeploymentPostprocessing = 0;
		};
		13B7FE512B1A244E00C1EE74 /* Resources */ = {
			isa = PBXResourcesBuildPhase;
			buildActionMask = 2147483647;
			files = (
				13B7FE632B1A244F00C1EE74 /* LaunchScreen.storyboard in Resources */,
				13B7FE602B1A244F00C1EE74 /* Assets.xcassets in Resources */,
				135272772C46785A006F6104 /* Main.storyboard in Resources */,
			);
			runOnlyForDeploymentPostprocessing = 0;
		};
/* End PBXResourcesBuildPhase section */

/* Begin PBXSourcesBuildPhase section */
		1322BE3D2C5146770089AC23 /* Sources */ = {
			isa = PBXSourcesBuildPhase;
			buildActionMask = 2147483647;
			files = (
				1322BE442C5146770089AC23 /* WebViewTests.swift in Sources */,
				1322BE532C5147F40089AC23 /* ProfileTests.swift in Sources */,
				1322BE4C2C5146AB0089AC23 /* WebViewViewControllerSpy.swift in Sources */,
				1322BE5C2C5148770089AC23 /* ImagesListViewControllerSpy.swift in Sources */,
				1322BE4E2C5146BD0089AC23 /* WebViewPresenterSpy.swift in Sources */,
				1322BE5E2C5148960089AC23 /* ImagesListPresenterSpy.swift in Sources */,
				1322BE5A2C51485D0089AC23 /* ImagesListTests.swift in Sources */,
				1322BE552C5148090089AC23 /* ProfileViewControllerSpy.swift in Sources */,
				1322BE572C5148280089AC23 /* ProfilePresenterSpy.swift in Sources */,
			);
			runOnlyForDeploymentPostprocessing = 0;
		};
		1322BE5F2C5148E40089AC23 /* Sources */ = {
			isa = PBXSourcesBuildPhase;
			buildActionMask = 2147483647;
			files = (
				1322BE662C5148E40089AC23 /* ImageFeedUITests.swift in Sources */,
			);
			runOnlyForDeploymentPostprocessing = 0;
		};
		13B7FE4F2B1A244E00C1EE74 /* Sources */ = {
			isa = PBXSourcesBuildPhase;
			buildActionMask = 2147483647;
			files = (
				132A32C92B5AB2F3002924D8 /* OAuth2TokenStorage.swift in Sources */,
				135272802C4A92B7006F6104 /* ImagesListService.swift in Sources */,
				13B7FE5B2B1A244E00C1EE74 /* ImagesListViewController.swift in Sources */,
				136416D42B322AE200498E53 /* ImagesListCell.swift in Sources */,
				132A32CC2B5FD8EA002924D8 /* SplashViewController.swift in Sources */,
				136416DB2B3B09C600498E53 /* ProfileViewController.swift in Sources */,
				1352726B2C4672BA006F6104 /* URLSessionExtension.swift in Sources */,
				13B7FE572B1A244E00C1EE74 /* AppDelegate.swift in Sources */,
				1322BE502C5147000089AC23 /* AuthHelper.swift in Sources */,
				132A32C72B5AB06B002924D8 /* OAuth2Service.swift in Sources */,
				135272702C46734E006F6104 /* ProfileResult.swift in Sources */,
				1322BE382C51423F0089AC23 /* WebViewPresenter.swift in Sources */,
				132A32C12B5A7E58002924D8 /* AuthViewController.swift in Sources */,
				135272752C4673E8006F6104 /* TabBarController.swift in Sources */,
				1352726F2C46734E006F6104 /* Profile.swift in Sources */,
				1322BE3C2C5143490089AC23 /* ImagesListPresenter.swift in Sources */,
				132A32BE2B5A7349002924D8 /* AuthConfiguration.swift in Sources */,
				136416DD2B3EE1E800498E53 /* SingleImageViewController.swift in Sources */,
				132A32D02B5FE4A8002924D8 /* OAuthTokenResponseBody.swift in Sources */,
				1352727E2C4A8D22006F6104 /* ImageList.swift in Sources */,
				1322BE3A2C5142A80089AC23 /* ProfilePresenter.swift in Sources */,
				132A32CE2B5FE489002924D8 /* NetworkError.swift in Sources */,
				132A32C32B5A855D002924D8 /* WebViewViewController.swift in Sources */,
				135272792C4678B8006F6104 /* ProfileImageService.swift in Sources */,
				13B7FE592B1A244E00C1EE74 /* SceneDelegate.swift in Sources */,
				135272722C4673AB006F6104 /* UIBlockingProgressHUD.swift in Sources */,
				1352727B2C4678CC006F6104 /* ProfileService.swift in Sources */,
			);
			runOnlyForDeploymentPostprocessing = 0;
		};
/* End PBXSourcesBuildPhase section */

/* Begin PBXTargetDependency section */
		1322BE462C5146770089AC23 /* PBXTargetDependency */ = {
			isa = PBXTargetDependency;
			target = 13B7FE522B1A244E00C1EE74 /* ImageFeed */;
			targetProxy = 1322BE452C5146770089AC23 /* PBXContainerItemProxy */;
		};
		1322BE6A2C5148E40089AC23 /* PBXTargetDependency */ = {
			isa = PBXTargetDependency;
			target = 13B7FE522B1A244E00C1EE74 /* ImageFeed */;
			targetProxy = 1322BE692C5148E40089AC23 /* PBXContainerItemProxy */;
		};
/* End PBXTargetDependency section */

/* Begin PBXVariantGroup section */
		13B7FE612B1A244F00C1EE74 /* LaunchScreen.storyboard */ = {
			isa = PBXVariantGroup;
			children = (
				13B7FE622B1A244F00C1EE74 /* Base */,
			);
			name = LaunchScreen.storyboard;
			sourceTree = "<group>";
		};
/* End PBXVariantGroup section */

/* Begin XCBuildConfiguration section */
		1322BE482C5146770089AC23 /* Debug */ = {
			isa = XCBuildConfiguration;
			buildSettings = {
				ASSETCATALOG_COMPILER_GENERATE_SWIFT_ASSET_SYMBOL_EXTENSIONS = YES;
				BUNDLE_LOADER = "$(TEST_HOST)";
				CODE_SIGN_STYLE = Automatic;
				CURRENT_PROJECT_VERSION = 1;
				ENABLE_USER_SCRIPT_SANDBOXING = YES;
				GCC_C_LANGUAGE_STANDARD = gnu17;
				GENERATE_INFOPLIST_FILE = YES;
				IPHONEOS_DEPLOYMENT_TARGET = 17.4;
				LOCALIZATION_PREFERS_STRING_CATALOGS = YES;
				MARKETING_VERSION = 1.0;
				PRODUCT_BUNDLE_IDENTIFIER = ru.ilushina.ImageFeed.ImageFeedTests.ImageFeedTests;
				PRODUCT_NAME = "$(TARGET_NAME)";
				SWIFT_ACTIVE_COMPILATION_CONDITIONS = "DEBUG $(inherited)";
				SWIFT_EMIT_LOC_STRINGS = NO;
				SWIFT_VERSION = 5.0;
				TARGETED_DEVICE_FAMILY = "1,2";
				TEST_HOST = "$(BUILT_PRODUCTS_DIR)/ImageFeed.app/$(BUNDLE_EXECUTABLE_FOLDER_PATH)/ImageFeed";
			};
			name = Debug;
		};
		1322BE492C5146770089AC23 /* Release */ = {
			isa = XCBuildConfiguration;
			buildSettings = {
				ASSETCATALOG_COMPILER_GENERATE_SWIFT_ASSET_SYMBOL_EXTENSIONS = YES;
				BUNDLE_LOADER = "$(TEST_HOST)";
				CODE_SIGN_STYLE = Automatic;
				CURRENT_PROJECT_VERSION = 1;
				ENABLE_USER_SCRIPT_SANDBOXING = YES;
				GCC_C_LANGUAGE_STANDARD = gnu17;
				GENERATE_INFOPLIST_FILE = YES;
				IPHONEOS_DEPLOYMENT_TARGET = 17.4;
				LOCALIZATION_PREFERS_STRING_CATALOGS = YES;
				MARKETING_VERSION = 1.0;
				PRODUCT_BUNDLE_IDENTIFIER = ru.ilushina.ImageFeed.ImageFeedTests.ImageFeedTests;
				PRODUCT_NAME = "$(TARGET_NAME)";
				SWIFT_EMIT_LOC_STRINGS = NO;
				SWIFT_VERSION = 5.0;
				TARGETED_DEVICE_FAMILY = "1,2";
				TEST_HOST = "$(BUILT_PRODUCTS_DIR)/ImageFeed.app/$(BUNDLE_EXECUTABLE_FOLDER_PATH)/ImageFeed";
			};
			name = Release;
		};
		1322BE6C2C5148E40089AC23 /* Debug */ = {
			isa = XCBuildConfiguration;
			buildSettings = {
				ASSETCATALOG_COMPILER_GENERATE_SWIFT_ASSET_SYMBOL_EXTENSIONS = YES;
				CODE_SIGN_STYLE = Automatic;
				CURRENT_PROJECT_VERSION = 1;
				ENABLE_USER_SCRIPT_SANDBOXING = YES;
				GCC_C_LANGUAGE_STANDARD = gnu17;
				GENERATE_INFOPLIST_FILE = YES;
				IPHONEOS_DEPLOYMENT_TARGET = 17.4;
				LOCALIZATION_PREFERS_STRING_CATALOGS = YES;
				MARKETING_VERSION = 1.0;
				PRODUCT_BUNDLE_IDENTIFIER = ru.ilushina.ImageFeed.ImageFeedTests.ImageFeedUITests;
				PRODUCT_NAME = "$(TARGET_NAME)";
				SWIFT_ACTIVE_COMPILATION_CONDITIONS = "DEBUG $(inherited)";
				SWIFT_EMIT_LOC_STRINGS = NO;
				SWIFT_VERSION = 5.0;
				TARGETED_DEVICE_FAMILY = "1,2";
				TEST_TARGET_NAME = ImageFeed;
			};
			name = Debug;
		};
		1322BE6D2C5148E40089AC23 /* Release */ = {
			isa = XCBuildConfiguration;
			buildSettings = {
				ASSETCATALOG_COMPILER_GENERATE_SWIFT_ASSET_SYMBOL_EXTENSIONS = YES;
				CODE_SIGN_STYLE = Automatic;
				CURRENT_PROJECT_VERSION = 1;
				ENABLE_USER_SCRIPT_SANDBOXING = YES;
				GCC_C_LANGUAGE_STANDARD = gnu17;
				GENERATE_INFOPLIST_FILE = YES;
				IPHONEOS_DEPLOYMENT_TARGET = 17.4;
				LOCALIZATION_PREFERS_STRING_CATALOGS = YES;
				MARKETING_VERSION = 1.0;
				PRODUCT_BUNDLE_IDENTIFIER = ru.ilushina.ImageFeed.ImageFeedTests.ImageFeedUITests;
				PRODUCT_NAME = "$(TARGET_NAME)";
				SWIFT_EMIT_LOC_STRINGS = NO;
				SWIFT_VERSION = 5.0;
				TARGETED_DEVICE_FAMILY = "1,2";
				TEST_TARGET_NAME = ImageFeed;
			};
			name = Release;
		};
		13B7FE652B1A244F00C1EE74 /* Debug */ = {
			isa = XCBuildConfiguration;
			buildSettings = {
				ALWAYS_SEARCH_USER_PATHS = NO;
				CLANG_ANALYZER_NONNULL = YES;
				CLANG_ANALYZER_NUMBER_OBJECT_CONVERSION = YES_AGGRESSIVE;
				CLANG_CXX_LANGUAGE_STANDARD = "gnu++20";
				CLANG_ENABLE_MODULES = YES;
				CLANG_ENABLE_OBJC_ARC = YES;
				CLANG_ENABLE_OBJC_WEAK = YES;
				CLANG_WARN_BLOCK_CAPTURE_AUTORELEASING = YES;
				CLANG_WARN_BOOL_CONVERSION = YES;
				CLANG_WARN_COMMA = YES;
				CLANG_WARN_CONSTANT_CONVERSION = YES;
				CLANG_WARN_DEPRECATED_OBJC_IMPLEMENTATIONS = YES;
				CLANG_WARN_DIRECT_OBJC_ISA_USAGE = YES_ERROR;
				CLANG_WARN_DOCUMENTATION_COMMENTS = YES;
				CLANG_WARN_EMPTY_BODY = YES;
				CLANG_WARN_ENUM_CONVERSION = YES;
				CLANG_WARN_INFINITE_RECURSION = YES;
				CLANG_WARN_INT_CONVERSION = YES;
				CLANG_WARN_NON_LITERAL_NULL_CONVERSION = YES;
				CLANG_WARN_OBJC_IMPLICIT_RETAIN_SELF = YES;
				CLANG_WARN_OBJC_LITERAL_CONVERSION = YES;
				CLANG_WARN_OBJC_ROOT_CLASS = YES_ERROR;
				CLANG_WARN_QUOTED_INCLUDE_IN_FRAMEWORK_HEADER = YES;
				CLANG_WARN_RANGE_LOOP_ANALYSIS = YES;
				CLANG_WARN_STRICT_PROTOTYPES = YES;
				CLANG_WARN_SUSPICIOUS_MOVE = YES;
				CLANG_WARN_UNGUARDED_AVAILABILITY = YES_AGGRESSIVE;
				CLANG_WARN_UNREACHABLE_CODE = YES;
				CLANG_WARN__DUPLICATE_METHOD_MATCH = YES;
				COPY_PHASE_STRIP = NO;
				DEBUG_INFORMATION_FORMAT = dwarf;
				ENABLE_STRICT_OBJC_MSGSEND = YES;
				ENABLE_TESTABILITY = YES;
				GCC_C_LANGUAGE_STANDARD = gnu11;
				GCC_DYNAMIC_NO_PIC = NO;
				GCC_NO_COMMON_BLOCKS = YES;
				GCC_OPTIMIZATION_LEVEL = 0;
				GCC_PREPROCESSOR_DEFINITIONS = (
					"DEBUG=1",
					"$(inherited)",
				);
				GCC_WARN_64_TO_32_BIT_CONVERSION = YES;
				GCC_WARN_ABOUT_RETURN_TYPE = YES_ERROR;
				GCC_WARN_UNDECLARED_SELECTOR = YES;
				GCC_WARN_UNINITIALIZED_AUTOS = YES_AGGRESSIVE;
				GCC_WARN_UNUSED_FUNCTION = YES;
				GCC_WARN_UNUSED_VARIABLE = YES;
				IPHONEOS_DEPLOYMENT_TARGET = 13.0;
				MTL_ENABLE_DEBUG_INFO = INCLUDE_SOURCE;
				MTL_FAST_MATH = YES;
				ONLY_ACTIVE_ARCH = YES;
				SDKROOT = iphoneos;
				SWIFT_ACTIVE_COMPILATION_CONDITIONS = DEBUG;
				SWIFT_OPTIMIZATION_LEVEL = "-Onone";
			};
			name = Debug;
		};
		13B7FE662B1A244F00C1EE74 /* Release */ = {
			isa = XCBuildConfiguration;
			buildSettings = {
				ALWAYS_SEARCH_USER_PATHS = NO;
				CLANG_ANALYZER_NONNULL = YES;
				CLANG_ANALYZER_NUMBER_OBJECT_CONVERSION = YES_AGGRESSIVE;
				CLANG_CXX_LANGUAGE_STANDARD = "gnu++20";
				CLANG_ENABLE_MODULES = YES;
				CLANG_ENABLE_OBJC_ARC = YES;
				CLANG_ENABLE_OBJC_WEAK = YES;
				CLANG_WARN_BLOCK_CAPTURE_AUTORELEASING = YES;
				CLANG_WARN_BOOL_CONVERSION = YES;
				CLANG_WARN_COMMA = YES;
				CLANG_WARN_CONSTANT_CONVERSION = YES;
				CLANG_WARN_DEPRECATED_OBJC_IMPLEMENTATIONS = YES;
				CLANG_WARN_DIRECT_OBJC_ISA_USAGE = YES_ERROR;
				CLANG_WARN_DOCUMENTATION_COMMENTS = YES;
				CLANG_WARN_EMPTY_BODY = YES;
				CLANG_WARN_ENUM_CONVERSION = YES;
				CLANG_WARN_INFINITE_RECURSION = YES;
				CLANG_WARN_INT_CONVERSION = YES;
				CLANG_WARN_NON_LITERAL_NULL_CONVERSION = YES;
				CLANG_WARN_OBJC_IMPLICIT_RETAIN_SELF = YES;
				CLANG_WARN_OBJC_LITERAL_CONVERSION = YES;
				CLANG_WARN_OBJC_ROOT_CLASS = YES_ERROR;
				CLANG_WARN_QUOTED_INCLUDE_IN_FRAMEWORK_HEADER = YES;
				CLANG_WARN_RANGE_LOOP_ANALYSIS = YES;
				CLANG_WARN_STRICT_PROTOTYPES = YES;
				CLANG_WARN_SUSPICIOUS_MOVE = YES;
				CLANG_WARN_UNGUARDED_AVAILABILITY = YES_AGGRESSIVE;
				CLANG_WARN_UNREACHABLE_CODE = YES;
				CLANG_WARN__DUPLICATE_METHOD_MATCH = YES;
				COPY_PHASE_STRIP = NO;
				DEBUG_INFORMATION_FORMAT = "dwarf-with-dsym";
				ENABLE_NS_ASSERTIONS = NO;
				ENABLE_STRICT_OBJC_MSGSEND = YES;
				GCC_C_LANGUAGE_STANDARD = gnu11;
				GCC_NO_COMMON_BLOCKS = YES;
				GCC_WARN_64_TO_32_BIT_CONVERSION = YES;
				GCC_WARN_ABOUT_RETURN_TYPE = YES_ERROR;
				GCC_WARN_UNDECLARED_SELECTOR = YES;
				GCC_WARN_UNINITIALIZED_AUTOS = YES_AGGRESSIVE;
				GCC_WARN_UNUSED_FUNCTION = YES;
				GCC_WARN_UNUSED_VARIABLE = YES;
				IPHONEOS_DEPLOYMENT_TARGET = 13.0;
				MTL_ENABLE_DEBUG_INFO = NO;
				MTL_FAST_MATH = YES;
				SDKROOT = iphoneos;
				SWIFT_COMPILATION_MODE = wholemodule;
				SWIFT_OPTIMIZATION_LEVEL = "-O";
				VALIDATE_PRODUCT = YES;
			};
			name = Release;
		};
		13B7FE682B1A244F00C1EE74 /* Debug */ = {
			isa = XCBuildConfiguration;
			buildSettings = {
				ASSETCATALOG_COMPILER_APPICON_NAME = AppIcon;
				ASSETCATALOG_COMPILER_GLOBAL_ACCENT_COLOR_NAME = AccentColor;
				CODE_SIGN_STYLE = Automatic;
				CURRENT_PROJECT_VERSION = 1;
				DEVELOPMENT_TEAM = 83DH7VMMY3;
				GENERATE_INFOPLIST_FILE = YES;
				INFOPLIST_FILE = ImageFeed/Info.plist;
				INFOPLIST_KEY_UIApplicationSupportsIndirectInputEvents = YES;
				INFOPLIST_KEY_UILaunchStoryboardName = LaunchScreen;
				INFOPLIST_KEY_UIMainStoryboardFile = Main;
				INFOPLIST_KEY_UISupportedInterfaceOrientations = UIInterfaceOrientationPortrait;
				INFOPLIST_KEY_UISupportedInterfaceOrientations_iPhone = UIInterfaceOrientationPortrait;
				IPHONEOS_DEPLOYMENT_TARGET = 13.0;
				LD_RUNPATH_SEARCH_PATHS = (
					"$(inherited)",
					"@executable_path/Frameworks",
				);
				MARKETING_VERSION = 1.0;
				PRODUCT_BUNDLE_IDENTIFIER = ru.yandex.practicum.ImageFeedApp;
				PRODUCT_NAME = "$(TARGET_NAME)";
				SUPPORTED_PLATFORMS = "iphoneos iphonesimulator";
				SUPPORTS_MACCATALYST = NO;
				SUPPORTS_MAC_DESIGNED_FOR_IPHONE_IPAD = YES;
				SWIFT_EMIT_LOC_STRINGS = YES;
				SWIFT_VERSION = 5.0;
				TARGETED_DEVICE_FAMILY = 1;
			};
			name = Debug;
		};
		13B7FE692B1A244F00C1EE74 /* Release */ = {
			isa = XCBuildConfiguration;
			buildSettings = {
				ASSETCATALOG_COMPILER_APPICON_NAME = AppIcon;
				ASSETCATALOG_COMPILER_GLOBAL_ACCENT_COLOR_NAME = AccentColor;
				CODE_SIGN_STYLE = Automatic;
				CURRENT_PROJECT_VERSION = 1;
				DEVELOPMENT_TEAM = 83DH7VMMY3;
				GENERATE_INFOPLIST_FILE = YES;
				INFOPLIST_FILE = ImageFeed/Info.plist;
				INFOPLIST_KEY_UIApplicationSupportsIndirectInputEvents = YES;
				INFOPLIST_KEY_UILaunchStoryboardName = LaunchScreen;
				INFOPLIST_KEY_UIMainStoryboardFile = Main;
				INFOPLIST_KEY_UISupportedInterfaceOrientations = UIInterfaceOrientationPortrait;
				INFOPLIST_KEY_UISupportedInterfaceOrientations_iPhone = UIInterfaceOrientationPortrait;
				IPHONEOS_DEPLOYMENT_TARGET = 13.0;
				LD_RUNPATH_SEARCH_PATHS = (
					"$(inherited)",
					"@executable_path/Frameworks",
				);
				MARKETING_VERSION = 1.0;
				PRODUCT_BUNDLE_IDENTIFIER = ru.yandex.practicum.ImageFeedApp;
				PRODUCT_NAME = "$(TARGET_NAME)";
				SUPPORTED_PLATFORMS = "iphoneos iphonesimulator";
				SUPPORTS_MACCATALYST = NO;
				SUPPORTS_MAC_DESIGNED_FOR_IPHONE_IPAD = YES;
				SWIFT_EMIT_LOC_STRINGS = YES;
				SWIFT_VERSION = 5.0;
				TARGETED_DEVICE_FAMILY = 1;
			};
			name = Release;
		};
/* End XCBuildConfiguration section */

/* Begin XCConfigurationList section */
		1322BE472C5146770089AC23 /* Build configuration list for PBXNativeTarget "ImageFeedTests" */ = {
			isa = XCConfigurationList;
			buildConfigurations = (
				1322BE482C5146770089AC23 /* Debug */,
				1322BE492C5146770089AC23 /* Release */,
			);
			defaultConfigurationIsVisible = 0;
			defaultConfigurationName = Release;
		};
		1322BE6B2C5148E40089AC23 /* Build configuration list for PBXNativeTarget "ImageFeedUITests" */ = {
			isa = XCConfigurationList;
			buildConfigurations = (
				1322BE6C2C5148E40089AC23 /* Debug */,
				1322BE6D2C5148E40089AC23 /* Release */,
			);
			defaultConfigurationIsVisible = 0;
			defaultConfigurationName = Release;
		};
		13B7FE4E2B1A244E00C1EE74 /* Build configuration list for PBXProject "ImageFeed" */ = {
			isa = XCConfigurationList;
			buildConfigurations = (
				13B7FE652B1A244F00C1EE74 /* Debug */,
				13B7FE662B1A244F00C1EE74 /* Release */,
			);
			defaultConfigurationIsVisible = 0;
			defaultConfigurationName = Release;
		};
		13B7FE672B1A244F00C1EE74 /* Build configuration list for PBXNativeTarget "ImageFeed" */ = {
			isa = XCConfigurationList;
			buildConfigurations = (
				13B7FE682B1A244F00C1EE74 /* Debug */,
				13B7FE692B1A244F00C1EE74 /* Release */,
			);
			defaultConfigurationIsVisible = 0;
			defaultConfigurationName = Release;
		};
/* End XCConfigurationList section */

/* Begin XCRemoteSwiftPackageReference section */
		1352725B2C466F59006F6104 /* XCRemoteSwiftPackageReference "ProgressHUD" */ = {
			isa = XCRemoteSwiftPackageReference;
			repositoryURL = "https://github.com/relatedcode/ProgressHUD";
			requirement = {
				kind = exactVersion;
				version = 13.8.6;
			};
		};
		1352725E2C466F6B006F6104 /* XCRemoteSwiftPackageReference "SwiftKeychainWrapper" */ = {
			isa = XCRemoteSwiftPackageReference;
			repositoryURL = "https://github.com/jrendel/SwiftKeychainWrapper";
			requirement = {
				kind = upToNextMajorVersion;
				minimumVersion = 4.0.0;
			};
		};
		135272612C466F7A006F6104 /* XCRemoteSwiftPackageReference "Kingfisher" */ = {
			isa = XCRemoteSwiftPackageReference;
			repositoryURL = "https://github.com/onevcat/Kingfisher";
			requirement = {
				kind = upToNextMajorVersion;
				minimumVersion = 7.0.0;
			};
		};
/* End XCRemoteSwiftPackageReference section */

/* Begin XCSwiftPackageProductDependency section */
		1352725C2C466F59006F6104 /* ProgressHUD */ = {
			isa = XCSwiftPackageProductDependency;
			package = 1352725B2C466F59006F6104 /* XCRemoteSwiftPackageReference "ProgressHUD" */;
			productName = ProgressHUD;
		};
		1352725F2C466F6B006F6104 /* SwiftKeychainWrapper */ = {
			isa = XCSwiftPackageProductDependency;
			package = 1352725E2C466F6B006F6104 /* XCRemoteSwiftPackageReference "SwiftKeychainWrapper" */;
			productName = SwiftKeychainWrapper;
		};
		135272622C466F7A006F6104 /* Kingfisher */ = {
			isa = XCSwiftPackageProductDependency;
			package = 135272612C466F7A006F6104 /* XCRemoteSwiftPackageReference "Kingfisher" */;
			productName = Kingfisher;
		};
/* End XCSwiftPackageProductDependency section */
	};
	rootObject = 13B7FE4B2B1A244E00C1EE74 /* Project object */;
}
